
Microsoft Visual Studio Solution File, Format Version 12.00
# Visual Studio Version 16
VisualStudioVersion = 16.0.29609.76
MinimumVisualStudioVersion = 10.0.40219.1
Project("{FAE04EC0-301F-11D3-BF4B-00C04F79EFBC}") = "XAML WPF ListBox Quete2", "XAML WPF ListBox Quete2.csproj", "{457B5E99-5AB9-4064-8413-6E96ADD0E3A6}"
EndProject
Global
	GlobalSection(SolutionConfigurationPlatforms) = preSolution
		Debug|Any CPU = Debug|Any CPU
		Release|Any CPU = Release|Any CPU
	EndGlobalSection
	GlobalSection(ProjectConfigurationPlatforms) = postSolution
		{457B5E99-5AB9-4064-8413-6E96ADD0E3A6}.Debug|Any CPU.ActiveCfg = Debug|Any CPU
		{457B5E99-5AB9-4064-8413-6E96ADD0E3A6}.Debug|Any CPU.Build.0 = Debug|Any CPU
		{457B5E99-5AB9-4064-8413-6E96ADD0E3A6}.Release|Any CPU.ActiveCfg = Release|Any CPU
		{457B5E99-5AB9-4064-8413-6E96ADD0E3A6}.Release|Any CPU.Build.0 = Release|Any CPU
	EndGlobalSection
	GlobalSection(SolutionProperties) = preSolution
		HideSolutionNode = FALSE
	EndGlobalSection
	GlobalSection(ExtensibilityGlobals) = postSolution
		SolutionGuid = {611B81D4-8AE1-4CDE-AF3D-64928A207526}
	EndGlobalSection
EndGlobal
